
Microsoft Visual Studio Solution File, Format Version 12.00
# Visual Studio Version 16
VisualStudioVersion = 16.0.30709.132
MinimumVisualStudioVersion = 10.0.40219.1
Project("{FAE04EC0-301F-11D3-BF4B-00C04F79EFBC}") = "ConstructorsDemo", "ConstructorsDemo\ConstructorsDemo.csproj", "{6A5A2726-977C-4271-909C-5520F9B8F79B}"
EndProject
Global
	GlobalSection(SolutionConfigurationPlatforms) = preSolution
		Debug|Any CPU = Debug|Any CPU
		Release|Any CPU = Release|Any CPU
	EndGlobalSection
	GlobalSection(ProjectConfigurationPlatforms) = postSolution
		{6A5A2726-977C-4271-909C-5520F9B8F79B}.Debug|Any CPU.ActiveCfg = Debug|Any CPU
		{6A5A2726-977C-4271-909C-5520F9B8F79B}.Debug|Any CPU.Build.0 = Debug|Any CPU
		{6A5A2726-977C-4271-909C-5520F9B8F79B}.Release|Any CPU.ActiveCfg = Release|Any CPU
		{6A5A2726-977C-4271-909C-5520F9B8F79B}.Release|Any CPU.Build.0 = Release|Any CPU
	EndGlobalSection
	GlobalSection(SolutionProperties) = preSolution
		HideSolutionNode = FALSE
	EndGlobalSection
	GlobalSection(ExtensibilityGlobals) = postSolution
		SolutionGuid = {27B9FF15-01C7-4DA4-A124-D03A7E460156}
	EndGlobalSection
EndGlobal
